Microsoft Visual Studio Solution File, Format Version 12.00
# Visual Studio Version 16
VisualStudioVersion = 16.0.29920.165
MinimumVisualStudioVersion = 10.0.40219.1
Project("{8BC9CEB8-8B4A-11D0-8D11-00A0C91BC942}") = "Manager", "Manager\Manager.vcxproj", "{5D61D3E2-8CBD-48FD-9104-E3F6CE7E733F}"
EndProject
Project("{8BC9CEB8-8B4A-11D0-8D11-00A0C91BC942}") = "Agent", "Agent\Agent.vcxproj", "{8DA54F76-38A3-49A1-B833-FE7246A849B6}"
EndProject
Project("{8BC9CEB8-8B4A-11D0-8D11-00A0C91BC942}") = "Attacker", "Attacker\Attacker.vcxproj", "{5064367D-77D9-49DE-A954-011873B781FC}"
EndProject
Global
	GlobalSection(SolutionConfigurationPlatforms) = preSolution
		Debug|x64 = Debug|x64
		Debug|x86 = Debug|x86
		Release|x64 = Release|x64
		Release|x86 = Release|x86
	EndGlobalSection
	GlobalSection(ProjectConfigurationPlatforms) = postSolution
		{5D61D3E2-8CBD-48FD-9104-E3F6CE7E733F}.Debug|x64.ActiveCfg = Debug|x64
		{5D61D3E2-8CBD-48FD-9104-E3F6CE7E733F}.Debug|x64.Build.0 = Debug|x64
		{5D61D3E2-8CBD-48FD-9104-E3F6CE7E733F}.Debug|x86.ActiveCfg = Debug|Win32
		{5D61D3E2-8CBD-48FD-9104-E3F6CE7E733F}.Debug|x86.Build.0 = Debug|Win32
		{5D61D3E2-8CBD-48FD-9104-E3F6CE7E733F}.Release|x64.ActiveCfg = Release|x64
		{5D61D3E2-8CBD-48FD-9104-E3F6CE7E733F}.Release|x64.Build.0 = Release|x64
		{5D61D3E2-8CBD-48FD-9104-E3F6CE7E733F}.Release|x86.ActiveCfg = Release|Win32
		{5D61D3E2-8CBD-48FD-9104-E3F6CE7E733F}.Release|x86.Build.0 = Release|Win32
		{8DA54F76-38A3-49A1-B833-FE7246A849B6}.Debug|x64.ActiveCfg = Debug|x64
		{8DA54F76-38A3-49A1-B833-FE7246A849B6}.Debug|x64.Build.0 = Debug|x64
		{8DA54F76-38A3-49A1-B833-FE7246A849B6}.Debug|x86.ActiveCfg = Debug|Win32
		{8DA54F76-38A3-49A1-B833-FE7246A849B6}.Debug|x86.Build.0 = Debug|Win32
		{8DA54F76-38A3-49A1-B833-FE7246A849B6}.Release|x64.ActiveCfg = Release|x64
		{8DA54F76-38A3-49A1-B833-FE7246A849B6}.Release|x64.Build.0 = Release|x64
		{8DA54F76-38A3-49A1-B833-FE7246A849B6}.Release|x86.ActiveCfg = Release|Win32
		{8DA54F76-38A3-49A1-B833-FE7246A849B6}.Release|x86.Build.0 = Release|Win32
		{5064367D-77D9-49DE-A954-011873B781FC}.Debug|x64.ActiveCfg = Debug|x64
		{5064367D-77D9-49DE-A954-011873B781FC}.Debug|x64.Build.0 = Debug|x64
		{5064367D-77D9-49DE-A954-011873B781FC}.Debug|x86.ActiveCfg = Debug|Win32
		{5064367D-77D9-49DE-A954-011873B781FC}.Debug|x86.Build.0 = Debug|Win32
		{5064367D-77D9-49DE-A954-011873B781FC}.Release|x64.ActiveCfg = Release|x64
		{5064367D-77D9-49DE-A954-011873B781FC}.Release|x64.Build.0 = Release|x64
		{5064367D-77D9-49DE-A954-011873B781FC}.Release|x86.ActiveCfg = Release|Win32
		{5064367D-77D9-49DE-A954-011873B781FC}.Release|x86.Build.0 = Release|Win32
	EndGlobalSection
	GlobalSection(SolutionProperties) = preSolution
		HideSolutionNode = FALSE
	EndGlobalSection
	GlobalSection(ExtensibilityGlobals) = postSolution
		SolutionGuid = {E3CF1280-93F3-4A6E-B26E-F9CE10C2CF2E}
	EndGlobalSection
EndGlobal
